github.com/artonge/go-csv-tag/v2 v2.2.0 h1:jdgQHHWm1xAqNXhHfoqgyAwah589xqmTFEC/QGKSJeA=
github.com/artonge/go-csv-tag/v2 v2.2.0/go.mod h1:MhLKePA0uu/+2jUJ4IER31uhRV/0GsIKyrSqSRR7Mkc=
github.com/artonge/go-gtfs v1.3.4 h1:oq2b+le5wZ1ObHNZj1foL4KfLymFCElKpFm5CwEWQq4=
github.com/artonge/go-gtfs v1.3.4/go.mod h1:45z7Orxlb8DeaDf62oWYiQdm2U6mANlbBLK/ojTEyiY=
google.golang.org/protobuf v1.34.2 h1:6xV6lTsCfpGD21XK49h7MhtcApnLqkfYgPcdHftf6hg=
google.golang.org/protobuf v1.34.2/go.mod h1:qYOHts0dSfpeUzUFpOMr/WGzszTmLH+DiWniOlNbLDw=
